
Microsoft Visual Studio Solution File, Format Version 12.00
# Visual Studio Version 16
VisualStudioVersion = 16.0.30128.74
MinimumVisualStudioVersion = 10.0.40219.1
Project("{FAE04EC0-301F-11D3-BF4B-00C04F79EFBC}") = "CSharp Class 16", "CSharp Class 16\CSharp Class 16.csproj", "{11AD8BB3-08EE-49BD-A1B2-3A26A89391A2}"
EndProject
Global
	GlobalSection(SolutionConfigurationPlatforms) = preSolution
		Debug|Any CPU = Debug|Any CPU
		Release|Any CPU = Release|Any CPU
	EndGlobalSection
	GlobalSection(ProjectConfigurationPlatforms) = postSolution
		{11AD8BB3-08EE-49BD-A1B2-3A26A89391A2}.Debug|Any CPU.ActiveCfg = Debug|Any CPU
		{11AD8BB3-08EE-49BD-A1B2-3A26A89391A2}.Debug|Any CPU.Build.0 = Debug|Any CPU
		{11AD8BB3-08EE-49BD-A1B2-3A26A89391A2}.Release|Any CPU.ActiveCfg = Release|Any CPU
		{11AD8BB3-08EE-49BD-A1B2-3A26A89391A2}.Release|Any CPU.Build.0 = Release|Any CPU
	EndGlobalSection
	GlobalSection(SolutionProperties) = preSolution
		HideSolutionNode = FALSE
	EndGlobalSection
	GlobalSection(ExtensibilityGlobals) = postSolution
		SolutionGuid = {3EB4853C-9113-453C-AE31-A0D781866B2E}
	EndGlobalSection
EndGlobal
